<Solution>
  <Project Path="AUX1/AUX1.csproj" Id="df82e18c-520a-47a8-9bab-115b7027efc9" />

  <Project Path="AUX10/AUX10.csproj" Id="97c14833-c384-403c-830f-b715f74eeb2c" />

  <Project Path="AUX11/AUX11.csproj" Id="5108079f-ec9c-4b0f-a660-aea7fbe7f879" />
  <Project Path="AUX12/AUX12.csproj" Id="eaf38267-5869-4c5f-9584-07cd306211ee" />

  <Project Path="AUX5/AUX5.csproj" Id="2c316b44-eb17-4d19-83e6-ed22ee6cea68" />
  <Project Path="AUX6/AUX6.csproj" Id="f2977f69-b8dc-47d4-a595-12ea9a754b5e" />
  <Project Path="AUX7/AUX7.csproj" Id="ba8efb7b-f0ce-4ad3-b650-0263097e7a64" />
  <Project Path="AUX8Correcta/AUX8Correcta.csproj" />
  <Project Path="AUX9/AUX9.csproj" Id="9de97890-fb73-4aa2-aca9-bdabc2634d9f" />
  <Project Path="Bitacora/Bitacora.csproj" Id="107eaabf-601e-4446-b239-b7a978b6c98b" />
  <Project Path="PERMISOS/PERMISOS.csproj" Id="a2c4f055-c77e-42a3-902d-1bbf4749b43b" />
</Solution>
